
Microsoft Visual Studio Solution File, Format Version 12.00
# Visual Studio 15
VisualStudioVersion = 15.0.27130.2020
MinimumVisualStudioVersion = 10.0.40219.1
Project("{8BC9CEB8-8B4A-11D0-8D11-00A0C91BC942}") = "000.OpenGLTest", "000.OpenGLTest\000.OpenGLTest.vcxproj", "{DC108611-846D-4452-B129-C4D664A33114}"
EndProject
Project("{8BC9CEB8-8B4A-11D0-8D11-00A0C91BC942}") = "001.CreatWindow", "001.CreatWindow\001.CreatWindow.vcxproj", "{ED870710-3C4D-4299-B371-FA26CBF5FC5D}"
EndProject
Project("{8BC9CEB8-8B4A-11D0-8D11-00A0C91BC942}") = "002.CreateTriangle", "002.CreateTriangle\002.CreateTriangle.vcxproj", "{98E70E54-DC7C-4771-AE84-39ED2C5A25E6}"
EndProject
Project("{8BC9CEB8-8B4A-11D0-8D11-00A0C91BC942}") = "003.CreateRectangle", "003.CreateRectangle\003.CreateRectangle.vcxproj", "{E61CFE64-05B0-4BD8-A072-DCCBE8998F3E}"
EndProject
Project("{8BC9CEB8-8B4A-11D0-8D11-00A0C91BC942}") = "004.ShaderClass", "004.ShaderClass\004.ShaderClass.vcxproj", "{EAD3D2A7-E9D3-47BD-8574-88677453BEA8}"
EndProject
Project("{8BC9CEB8-8B4A-11D0-8D11-00A0C91BC942}") = "005.CreateTexture", "005.CreateTexture\005.CreateTexture.vcxproj", "{E171D893-3E04-4A0F-B961-65E593372D12}"
EndProject
Project("{8BC9CEB8-8B4A-11D0-8D11-00A0C91BC942}") = "006.UseTransform", "006.UseTransform\006.UseTransform.vcxproj", "{7C1A2778-2D1B-4F91-8DD8-364250E57B17}"
EndProject
Project("{8BC9CEB8-8B4A-11D0-8D11-00A0C91BC942}") = "007.CameraClass", "007.CameraClass\007.CameraClass.vcxproj", "{A437DE73-C7A3-4B3A-87E4-DE94846A9E2F}"
EndProject
Project("{8BC9CEB8-8B4A-11D0-8D11-00A0C91BC942}") = "008.PhongLightingMode", "008.PhongLightingMode\008.PhongLightingMode.vcxproj", "{3E198E41-95C4-4AA5-A690-9D6AAC9EF660}"
EndProject
Project("{8BC9CEB8-8B4A-11D0-8D11-00A0C91BC942}") = "009.LightingMaps", "009.LightingMaps\009.LightingMaps.vcxproj", "{1C7B8B43-A91E-4855-910E-F909EA9A3A3E}"
EndProject
Project("{8BC9CEB8-8B4A-11D0-8D11-00A0C91BC942}") = "010.LightCasters", "010.LightCasters\010.LightCasters.vcxproj", "{422A6DD5-CC4C-4E87-89C7-363BB43B99FA}"
EndProject
Project("{8BC9CEB8-8B4A-11D0-8D11-00A0C91BC942}") = "011.MultipleLights", "011.MultipleLights\011.MultipleLights.vcxproj", "{A086FFBB-6D1E-4153-AFE8-62FFB60D3EB1}"
EndProject
Project("{8BC9CEB8-8B4A-11D0-8D11-00A0C91BC942}") = "012.Model", "012.Model\012.Model.vcxproj", "{E0425EE2-7771-42B1-849A-8C0006837CA7}"
EndProject
Project("{8BC9CEB8-8B4A-11D0-8D11-00A0C91BC942}") = "013.DepthTest", "013.DepthTest\013.DepthTest.vcxproj", "{999A2F0F-116A-4B66-90C8-3B0CF1E4A6FC}"
EndProject
Project("{8BC9CEB8-8B4A-11D0-8D11-00A0C91BC942}") = "014.StencilTest", "014.StencilTest\014.StencilTest.vcxproj", "{A261926E-5969-45F5-BE71-1CEE256984E5}"
EndProject
Project("{8BC9CEB8-8B4A-11D0-8D11-00A0C91BC942}") = "015.BlendingTest", "015.BlendingTest\015.BlendingTest.vcxproj", "{56681D3C-C8FF-4892-88DC-38D9937193D0}"
EndProject
Project("{8BC9CEB8-8B4A-11D0-8D11-00A0C91BC942}") = "016.FaceCulling", "016.FaceCulling\016.FaceCulling.vcxproj", "{27592D00-890D-4FD0-A5A6-00AF9EDDD5C5}"
EndProject
Project("{8BC9CEB8-8B4A-11D0-8D11-00A0C91BC942}") = "017.Framebuffers", "017.Framebuffers\017.Framebuffers.vcxproj", "{8480618F-68F8-47CE-86F1-D60759600342}"
EndProject
Project("{8BC9CEB8-8B4A-11D0-8D11-00A0C91BC942}") = "018.Cubemaps", "018.Cubemaps\018.Cubemaps.vcxproj", "{60374672-FFE5-47E6-A835-9C5EBBB7538A}"
EndProject
Project("{8BC9CEB8-8B4A-11D0-8D11-00A0C91BC942}") = "019.AdvancedGLSL", "019.AdvancedGLSL\019.AdvancedGLSL.vcxproj", "{49550110-BC01-4BC6-8344-F2B53BFCAC75}"
EndProject
Project("{8BC9CEB8-8B4A-11D0-8D11-00A0C91BC942}") = "020.GeometryShader", "020.GeometryShader\020.GeometryShader.vcxproj", "{B181B6F9-5AF3-47BD-B444-93045E9DFDF6}"
EndProject
Project("{8BC9CEB8-8B4A-11D0-8D11-00A0C91BC942}") = "021.Instancing", "021.Instancing\021.Instancing.vcxproj", "{C9C8512E-DDA8-453E-BFBD-922484A26F0D}"
EndProject
Project("{8BC9CEB8-8B4A-11D0-8D11-00A0C91BC942}") = "022.AntiAliasing", "022.AntiAliasing\022.AntiAliasing.vcxproj", "{5D7D723F-3000-4BFF-8769-E676877EF894}"
EndProject
Project("{8BC9CEB8-8B4A-11D0-8D11-00A0C91BC942}") = "023.BlinnPhong", "023.BlinnPhong\023.BlinnPhong.vcxproj", "{6E1B7CB0-570F-4FC4-B6FD-9634DBFD660F}"
EndProject
Project("{8BC9CEB8-8B4A-11D0-8D11-00A0C91BC942}") = "024.ShadowMapping", "024.ShadowMapping\024.ShadowMapping.vcxproj", "{EB595657-298B-4DEC-B818-21AC29B15327}"
EndProject
Project("{8BC9CEB8-8B4A-11D0-8D11-00A0C91BC942}") = "028.HDR", "028.HDR\028.HDR.vcxproj", "{D67550AE-4DDD-4756-AF17-B7FF300B8757}"
EndProject
Project("{8BC9CEB8-8B4A-11D0-8D11-00A0C91BC942}") = "030.DeferredRender", "030.DeferredRender\030.DeferredRender.vcxproj", "{03F2D5F6-75F6-43B4-9C71-D276C2B88E87}"
EndProject
Project("{8BC9CEB8-8B4A-11D0-8D11-00A0C91BC942}") = "025.NormalMapping", "025.NormalMapping\025.NormalMapping.vcxproj", "{344CE34B-E7E2-4663-A904-44A745DCF4EC}"
EndProject
Global
	GlobalSection(SolutionConfigurationPlatforms) = preSolution
		Debug|x64 = Debug|x64
		Debug|x86 = Debug|x86
		Release|x64 = Release|x64
		Release|x86 = Release|x86
	EndGlobalSection
	GlobalSection(ProjectConfigurationPlatforms) = postSolution
		{DC108611-846D-4452-B129-C4D664A33114}.Debug|x64.ActiveCfg = Debug|x64
		{DC108611-846D-4452-B129-C4D664A33114}.Debug|x64.Build.0 = Debug|x64
		{DC108611-846D-4452-B129-C4D664A33114}.Debug|x86.ActiveCfg = Debug|Win32
		{DC108611-846D-4452-B129-C4D664A33114}.Debug|x86.Build.0 = Debug|Win32
		{DC108611-846D-4452-B129-C4D664A33114}.Release|x64.ActiveCfg = Release|x64
		{DC108611-846D-4452-B129-C4D664A33114}.Release|x64.Build.0 = Release|x64
		{DC108611-846D-4452-B129-C4D664A33114}.Release|x86.ActiveCfg = Release|Win32
		{DC108611-846D-4452-B129-C4D664A33114}.Release|x86.Build.0 = Release|Win32
		{ED870710-3C4D-4299-B371-FA26CBF5FC5D}.Debug|x64.ActiveCfg = Debug|x64
		{ED870710-3C4D-4299-B371-FA26CBF5FC5D}.Debug|x64.Build.0 = Debug|x64
		{ED870710-3C4D-4299-B371-FA26CBF5FC5D}.Debug|x86.ActiveCfg = Debug|Win32
		{ED870710-3C4D-4299-B371-FA26CBF5FC5D}.Debug|x86.Build.0 = Debug|Win32
		{ED870710-3C4D-4299-B371-FA26CBF5FC5D}.Release|x64.ActiveCfg = Release|x64
		{ED870710-3C4D-4299-B371-FA26CBF5FC5D}.Release|x64.Build.0 = Release|x64
		{ED870710-3C4D-4299-B371-FA26CBF5FC5D}.Release|x86.ActiveCfg = Release|Win32
		{ED870710-3C4D-4299-B371-FA26CBF5FC5D}.Release|x86.Build.0 = Release|Win32
		{98E70E54-DC7C-4771-AE84-39ED2C5A25E6}.Debug|x64.ActiveCfg = Debug|x64
		{98E70E54-DC7C-4771-AE84-39ED2C5A25E6}.Debug|x64.Build.0 = Debug|x64
		{98E70E54-DC7C-4771-AE84-39ED2C5A25E6}.Debug|x86.ActiveCfg = Debug|Win32
		{98E70E54-DC7C-4771-AE84-39ED2C5A25E6}.Debug|x86.Build.0 = Debug|Win32
		{98E70E54-DC7C-4771-AE84-39ED2C5A25E6}.Release|x64.ActiveCfg = Release|x64
		{98E70E54-DC7C-4771-AE84-39ED2C5A25E6}.Release|x64.Build.0 = Release|x64
		{98E70E54-DC7C-4771-AE84-39ED2C5A25E6}.Release|x86.ActiveCfg = Release|Win32
		{98E70E54-DC7C-4771-AE84-39ED2C5A25E6}.Release|x86.Build.0 = Release|Win32
		{E61CFE64-05B0-4BD8-A072-DCCBE8998F3E}.Debug|x64.ActiveCfg = Debug|x64
		{E61CFE64-05B0-4BD8-A072-DCCBE8998F3E}.Debug|x64.Build.0 = Debug|x64
		{E61CFE64-05B0-4BD8-A072-DCCBE8998F3E}.Debug|x86.ActiveCfg = Debug|Win32
		{E61CFE64-05B0-4BD8-A072-DCCBE8998F3E}.Debug|x86.Build.0 = Debug|Win32
		{E61CFE64-05B0-4BD8-A072-DCCBE8998F3E}.Release|x64.ActiveCfg = Release|x64
		{E61CFE64-05B0-4BD8-A072-DCCBE8998F3E}.Release|x64.Build.0 = Release|x64
		{E61CFE64-05B0-4BD8-A072-DCCBE8998F3E}.Release|x86.ActiveCfg = Release|Win32
		{E61CFE64-05B0-4BD8-A072-DCCBE8998F3E}.Release|x86.Build.0 = Release|Win32
		{EAD3D2A7-E9D3-47BD-8574-88677453BEA8}.Debug|x64.ActiveCfg = Debug|x64
		{EAD3D2A7-E9D3-47BD-8574-88677453BEA8}.Debug|x64.Build.0 = Debug|x64
		{EAD3D2A7-E9D3-47BD-8574-88677453BEA8}.Debug|x86.ActiveCfg = Debug|Win32
		{EAD3D2A7-E9D3-47BD-8574-88677453BEA8}.Debug|x86.Build.0 = Debug|Win32
		{EAD3D2A7-E9D3-47BD-8574-88677453BEA8}.Release|x64.ActiveCfg = Release|x64
		{EAD3D2A7-E9D3-47BD-8574-88677453BEA8}.Release|x64.Build.0 = Release|x64
		{EAD3D2A7-E9D3-47BD-8574-88677453BEA8}.Release|x86.ActiveCfg = Release|Win32
		{EAD3D2A7-E9D3-47BD-8574-88677453BEA8}.Release|x86.Build.0 = Release|Win32
		{E171D893-3E04-4A0F-B961-65E593372D12}.Debug|x64.ActiveCfg = Debug|x64
		{E171D893-3E04-4A0F-B961-65E593372D12}.Debug|x64.Build.0 = Debug|x64
		{E171D893-3E04-4A0F-B961-65E593372D12}.Debug|x86.ActiveCfg = Debug|Win32
		{E171D893-3E04-4A0F-B961-65E593372D12}.Debug|x86.Build.0 = Debug|Win32
		{E171D893-3E04-4A0F-B961-65E593372D12}.Release|x64.ActiveCfg = Release|x64
		{E171D893-3E04-4A0F-B961-65E593372D12}.Release|x64.Build.0 = Release|x64
		{E171D893-3E04-4A0F-B961-65E593372D12}.Release|x86.ActiveCfg = Release|Win32
		{E171D893-3E04-4A0F-B961-65E593372D12}.Release|x86.Build.0 = Release|Win32
		{7C1A2778-2D1B-4F91-8DD8-364250E57B17}.Debug|x64.ActiveCfg = Debug|x64
		{7C1A2778-2D1B-4F91-8DD8-364250E57B17}.Debug|x64.Build.0 = Debug|x64
		{7C1A2778-2D1B-4F91-8DD8-364250E57B17}.Debug|x86.ActiveCfg = Debug|Win32
		{7C1A2778-2D1B-4F91-8DD8-364250E57B17}.Debug|x86.Build.0 = Debug|Win32
		{7C1A2778-2D1B-4F91-8DD8-364250E57B17}.Release|x64.ActiveCfg = Release|x64
		{7C1A2778-2D1B-4F91-8DD8-364250E57B17}.Release|x64.Build.0 = Release|x64
		{7C1A2778-2D1B-4F91-8DD8-364250E57B17}.Release|x86.ActiveCfg = Release|Win32
		{7C1A2778-2D1B-4F91-8DD8-364250E57B17}.Release|x86.Build.0 = Release|Win32
		{A437DE73-C7A3-4B3A-87E4-DE94846A9E2F}.Debug|x64.ActiveCfg = Debug|x64
		{A437DE73-C7A3-4B3A-87E4-DE94846A9E2F}.Debug|x64.Build.0 = Debug|x64
		{A437DE73-C7A3-4B3A-87E4-DE94846A9E2F}.Debug|x86.ActiveCfg = Debug|Win32
		{A437DE73-C7A3-4B3A-87E4-DE94846A9E2F}.Debug|x86.Build.0 = Debug|Win32
		{A437DE73-C7A3-4B3A-87E4-DE94846A9E2F}.Release|x64.ActiveCfg = Release|x64
		{A437DE73-C7A3-4B3A-87E4-DE94846A9E2F}.Release|x64.Build.0 = Release|x64
		{A437DE73-C7A3-4B3A-87E4-DE94846A9E2F}.Release|x86.ActiveCfg = Release|Win32
		{A437DE73-C7A3-4B3A-87E4-DE94846A9E2F}.Release|x86.Build.0 = Release|Win32
		{3E198E41-95C4-4AA5-A690-9D6AAC9EF660}.Debug|x64.ActiveCfg = Debug|x64
		{3E198E41-95C4-4AA5-A690-9D6AAC9EF660}.Debug|x64.Build.0 = Debug|x64
		{3E198E41-95C4-4AA5-A690-9D6AAC9EF660}.Debug|x86.ActiveCfg = Debug|Win32
		{3E198E41-95C4-4AA5-A690-9D6AAC9EF660}.Debug|x86.Build.0 = Debug|Win32
		{3E198E41-95C4-4AA5-A690-9D6AAC9EF660}.Release|x64.ActiveCfg = Release|x64
		{3E198E41-95C4-4AA5-A690-9D6AAC9EF660}.Release|x64.Build.0 = Release|x64
		{3E198E41-95C4-4AA5-A690-9D6AAC9EF660}.Release|x86.ActiveCfg = Release|Win32
		{3E198E41-95C4-4AA5-A690-9D6AAC9EF660}.Release|x86.Build.0 = Release|Win32
		{1C7B8B43-A91E-4855-910E-F909EA9A3A3E}.Debug|x64.ActiveCfg = Debug|x64
		{1C7B8B43-A91E-4855-910E-F909EA9A3A3E}.Debug|x64.Build.0 = Debug|x64
		{1C7B8B43-A91E-4855-910E-F909EA9A3A3E}.Debug|x86.ActiveCfg = Debug|Win32
		{1C7B8B43-A91E-4855-910E-F909EA9A3A3E}.Debug|x86.Build.0 = Debug|Win32
		{1C7B8B43-A91E-4855-910E-F909EA9A3A3E}.Release|x64.ActiveCfg = Release|x64
		{1C7B8B43-A91E-4855-910E-F909EA9A3A3E}.Release|x64.Build.0 = Release|x64
		{1C7B8B43-A91E-4855-910E-F909EA9A3A3E}.Release|x86.ActiveCfg = Release|Win32
		{1C7B8B43-A91E-4855-910E-F909EA9A3A3E}.Release|x86.Build.0 = Release|Win32
		{422A6DD5-CC4C-4E87-89C7-363BB43B99FA}.Debug|x64.ActiveCfg = Debug|x64
		{422A6DD5-CC4C-4E87-89C7-363BB43B99FA}.Debug|x64.Build.0 = Debug|x64
		{422A6DD5-CC4C-4E87-89C7-363BB43B99FA}.Debug|x86.ActiveCfg = Debug|Win32
		{422A6DD5-CC4C-4E87-89C7-363BB43B99FA}.Debug|x86.Build.0 = Debug|Win32
		{422A6DD5-CC4C-4E87-89C7-363BB43B99FA}.Release|x64.ActiveCfg = Release|x64
		{422A6DD5-CC4C-4E87-89C7-363BB43B99FA}.Release|x64.Build.0 = Release|x64
		{422A6DD5-CC4C-4E87-89C7-363BB43B99FA}.Release|x86.ActiveCfg = Release|Win32
		{422A6DD5-CC4C-4E87-89C7-363BB43B99FA}.Release|x86.Build.0 = Release|Win32
		{A086FFBB-6D1E-4153-AFE8-62FFB60D3EB1}.Debug|x64.ActiveCfg = Debug|x64
		{A086FFBB-6D1E-4153-AFE8-62FFB60D3EB1}.Debug|x64.Build.0 = Debug|x64
		{A086FFBB-6D1E-4153-AFE8-62FFB60D3EB1}.Debug|x86.ActiveCfg = Debug|Win32
		{A086FFBB-6D1E-4153-AFE8-62FFB60D3EB1}.Debug|x86.Build.0 = Debug|Win32
		{A086FFBB-6D1E-4153-AFE8-62FFB60D3EB1}.Release|x64.ActiveCfg = Release|x64
		{A086FFBB-6D1E-4153-AFE8-62FFB60D3EB1}.Release|x64.Build.0 = Release|x64
		{A086FFBB-6D1E-4153-AFE8-62FFB60D3EB1}.Release|x86.ActiveCfg = Release|Win32
		{A086FFBB-6D1E-4153-AFE8-62FFB60D3EB1}.Release|x86.Build.0 = Release|Win32
		{E0425EE2-7771-42B1-849A-8C0006837CA7}.Debug|x64.ActiveCfg = Debug|x64
		{E0425EE2-7771-42B1-849A-8C0006837CA7}.Debug|x64.Build.0 = Debug|x64
		{E0425EE2-7771-42B1-849A-8C0006837CA7}.Debug|x86.ActiveCfg = Debug|Win32
		{E0425EE2-7771-42B1-849A-8C0006837CA7}.Debug|x86.Build.0 = Debug|Win32
		{E0425EE2-7771-42B1-849A-8C0006837CA7}.Release|x64.ActiveCfg = Release|x64
		{E0425EE2-7771-42B1-849A-8C0006837CA7}.Release|x64.Build.0 = Release|x64
		{E0425EE2-7771-42B1-849A-8C0006837CA7}.Release|x86.ActiveCfg = Release|Win32
		{E0425EE2-7771-42B1-849A-8C0006837CA7}.Release|x86.Build.0 = Release|Win32
		{999A2F0F-116A-4B66-90C8-3B0CF1E4A6FC}.Debug|x64.ActiveCfg = Debug|x64
		{999A2F0F-116A-4B66-90C8-3B0CF1E4A6FC}.Debug|x64.Build.0 = Debug|x64
		{999A2F0F-116A-4B66-90C8-3B0CF1E4A6FC}.Debug|x86.ActiveCfg = Debug|Win32
		{999A2F0F-116A-4B66-90C8-3B0CF1E4A6FC}.Debug|x86.Build.0 = Debug|Win32
		{999A2F0F-116A-4B66-90C8-3B0CF1E4A6FC}.Release|x64.ActiveCfg = Release|x64
		{999A2F0F-116A-4B66-90C8-3B0CF1E4A6FC}.Release|x64.Build.0 = Release|x64
		{999A2F0F-116A-4B66-90C8-3B0CF1E4A6FC}.Release|x86.ActiveCfg = Release|Win32
		{999A2F0F-116A-4B66-90C8-3B0CF1E4A6FC}.Release|x86.Build.0 = Release|Win32
		{A261926E-5969-45F5-BE71-1CEE256984E5}.Debug|x64.ActiveCfg = Debug|x64
		{A261926E-5969-45F5-BE71-1CEE256984E5}.Debug|x64.Build.0 = Debug|x64
		{A261926E-5969-45F5-BE71-1CEE256984E5}.Debug|x86.ActiveCfg = Debug|Win32
		{A261926E-5969-45F5-BE71-1CEE256984E5}.Debug|x86.Build.0 = Debug|Win32
		{A261926E-5969-45F5-BE71-1CEE256984E5}.Release|x64.ActiveCfg = Release|x64
		{A261926E-5969-45F5-BE71-1CEE256984E5}.Release|x64.Build.0 = Release|x64
		{A261926E-5969-45F5-BE71-1CEE256984E5}.Release|x86.ActiveCfg = Release|Win32
		{A261926E-5969-45F5-BE71-1CEE256984E5}.Release|x86.Build.0 = Release|Win32
		{56681D3C-C8FF-4892-88DC-38D9937193D0}.Debug|x64.ActiveCfg = Debug|x64
		{56681D3C-C8FF-4892-88DC-38D9937193D0}.Debug|x64.Build.0 = Debug|x64
		{56681D3C-C8FF-4892-88DC-38D9937193D0}.Debug|x86.ActiveCfg = Debug|Win32
		{56681D3C-C8FF-4892-88DC-38D9937193D0}.Debug|x86.Build.0 = Debug|Win32
		{56681D3C-C8FF-4892-88DC-38D9937193D0}.Release|x64.ActiveCfg = Release|x64
		{56681D3C-C8FF-4892-88DC-38D9937193D0}.Release|x64.Build.0 = Release|x64
		{56681D3C-C8FF-4892-88DC-38D9937193D0}.Release|x86.ActiveCfg = Release|Win32
		{56681D3C-C8FF-4892-88DC-38D9937193D0}.Release|x86.Build.0 = Release|Win32
		{27592D00-890D-4FD0-A5A6-00AF9EDDD5C5}.Debug|x64.ActiveCfg = Debug|x64
		{27592D00-890D-4FD0-A5A6-00AF9EDDD5C5}.Debug|x64.Build.0 = Debug|x64
		{27592D00-890D-4FD0-A5A6-00AF9EDDD5C5}.Debug|x86.ActiveCfg = Debug|Win32
		{27592D00-890D-4FD0-A5A6-00AF9EDDD5C5}.Debug|x86.Build.0 = Debug|Win32
		{27592D00-890D-4FD0-A5A6-00AF9EDDD5C5}.Release|x64.ActiveCfg = Release|x64
		{27592D00-890D-4FD0-A5A6-00AF9EDDD5C5}.Release|x64.Build.0 = Release|x64
		{27592D00-890D-4FD0-A5A6-00AF9EDDD5C5}.Release|x86.ActiveCfg = Release|Win32
		{27592D00-890D-4FD0-A5A6-00AF9EDDD5C5}.Release|x86.Build.0 = Release|Win32
		{8480618F-68F8-47CE-86F1-D60759600342}.Debug|x64.ActiveCfg = Debug|x64
		{8480618F-68F8-47CE-86F1-D60759600342}.Debug|x64.Build.0 = Debug|x64
		{8480618F-68F8-47CE-86F1-D60759600342}.Debug|x86.ActiveCfg = Debug|Win32
		{8480618F-68F8-47CE-86F1-D60759600342}.Debug|x86.Build.0 = Debug|Win32
		{8480618F-68F8-47CE-86F1-D60759600342}.Release|x64.ActiveCfg = Release|x64
		{8480618F-68F8-47CE-86F1-D60759600342}.Release|x64.Build.0 = Release|x64
		{8480618F-68F8-47CE-86F1-D60759600342}.Release|x86.ActiveCfg = Release|Win32
		{8480618F-68F8-47CE-86F1-D60759600342}.Release|x86.Build.0 = Release|Win32
		{60374672-FFE5-47E6-A835-9C5EBBB7538A}.Debug|x64.ActiveCfg = Debug|x64
		{60374672-FFE5-47E6-A835-9C5EBBB7538A}.Debug|x64.Build.0 = Debug|x64
		{60374672-FFE5-47E6-A835-9C5EBBB7538A}.Debug|x86.ActiveCfg = Debug|Win32
		{60374672-FFE5-47E6-A835-9C5EBBB7538A}.Debug|x86.Build.0 = Debug|Win32
		{60374672-FFE5-47E6-A835-9C5EBBB7538A}.Release|x64.ActiveCfg = Release|x64
		{60374672-FFE5-47E6-A835-9C5EBBB7538A}.Release|x64.Build.0 = Release|x64
		{60374672-FFE5-47E6-A835-9C5EBBB7538A}.Release|x86.ActiveCfg = Release|Win32
		{60374672-FFE5-47E6-A835-9C5EBBB7538A}.Release|x86.Build.0 = Release|Win32
		{49550110-BC01-4BC6-8344-F2B53BFCAC75}.Debug|x64.ActiveCfg = Debug|x64
		{49550110-BC01-4BC6-8344-F2B53BFCAC75}.Debug|x64.Build.0 = Debug|x64
		{49550110-BC01-4BC6-8344-F2B53BFCAC75}.Debug|x86.ActiveCfg = Debug|Win32
		{49550110-BC01-4BC6-8344-F2B53BFCAC75}.Debug|x86.Build.0 = Debug|Win32
		{49550110-BC01-4BC6-8344-F2B53BFCAC75}.Release|x64.ActiveCfg = Release|x64
		{49550110-BC01-4BC6-8344-F2B53BFCAC75}.Release|x64.Build.0 = Release|x64
		{49550110-BC01-4BC6-8344-F2B53BFCAC75}.Release|x86.ActiveCfg = Release|Win32
		{49550110-BC01-4BC6-8344-F2B53BFCAC75}.Release|x86.Build.0 = Release|Win32
		{B181B6F9-5AF3-47BD-B444-93045E9DFDF6}.Debug|x64.ActiveCfg = Debug|x64
		{B181B6F9-5AF3-47BD-B444-93045E9DFDF6}.Debug|x64.Build.0 = Debug|x64
		{B181B6F9-5AF3-47BD-B444-93045E9DFDF6}.Debug|x86.ActiveCfg = Debug|Win32
		{B181B6F9-5AF3-47BD-B444-93045E9DFDF6}.Debug|x86.Build.0 = Debug|Win32
		{B181B6F9-5AF3-47BD-B444-93045E9DFDF6}.Release|x64.ActiveCfg = Release|x64
		{B181B6F9-5AF3-47BD-B444-93045E9DFDF6}.Release|x64.Build.0 = Release|x64
		{B181B6F9-5AF3-47BD-B444-93045E9DFDF6}.Release|x86.ActiveCfg = Release|Win32
		{B181B6F9-5AF3-47BD-B444-93045E9DFDF6}.Release|x86.Build.0 = Release|Win32
		{C9C8512E-DDA8-453E-BFBD-922484A26F0D}.Debug|x64.ActiveCfg = Debug|x64
		{C9C8512E-DDA8-453E-BFBD-922484A26F0D}.Debug|x64.Build.0 = Debug|x64
		{C9C8512E-DDA8-453E-BFBD-922484A26F0D}.Debug|x86.ActiveCfg = Debug|Win32
		{C9C8512E-DDA8-453E-BFBD-922484A26F0D}.Debug|x86.Build.0 = Debug|Win32
		{C9C8512E-DDA8-453E-BFBD-922484A26F0D}.Release|x64.ActiveCfg = Release|x64
		{C9C8512E-DDA8-453E-BFBD-922484A26F0D}.Release|x64.Build.0 = Release|x64
		{C9C8512E-DDA8-453E-BFBD-922484A26F0D}.Release|x86.ActiveCfg = Release|Win32
		{C9C8512E-DDA8-453E-BFBD-922484A26F0D}.Release|x86.Build.0 = Release|Win32
		{5D7D723F-3000-4BFF-8769-E676877EF894}.Debug|x64.ActiveCfg = Debug|x64
		{5D7D723F-3000-4BFF-8769-E676877EF894}.Debug|x64.Build.0 = Debug|x64
		{5D7D723F-3000-4BFF-8769-E676877EF894}.Debug|x86.ActiveCfg = Debug|Win32
		{5D7D723F-3000-4BFF-8769-E676877EF894}.Debug|x86.Build.0 = Debug|Win32
		{5D7D723F-3000-4BFF-8769-E676877EF894}.Release|x64.ActiveCfg = Release|x64
		{5D7D723F-3000-4BFF-8769-E676877EF894}.Release|x64.Build.0 = Release|x64
		{5D7D723F-3000-4BFF-8769-E676877EF894}.Release|x86.ActiveCfg = Release|Win32
		{5D7D723F-3000-4BFF-8769-E676877EF894}.Release|x86.Build.0 = Release|Win32
		{6E1B7CB0-570F-4FC4-B6FD-9634DBFD660F}.Debug|x64.ActiveCfg = Debug|x64
		{6E1B7CB0-570F-4FC4-B6FD-9634DBFD660F}.Debug|x64.Build.0 = Debug|x64
		{6E1B7CB0-570F-4FC4-B6FD-9634DBFD660F}.Debug|x86.ActiveCfg = Debug|Win32
		{6E1B7CB0-570F-4FC4-B6FD-9634DBFD660F}.Debug|x86.Build.0 = Debug|Win32
		{6E1B7CB0-570F-4FC4-B6FD-9634DBFD660F}.Release|x64.ActiveCfg = Release|x64
		{6E1B7CB0-570F-4FC4-B6FD-9634DBFD660F}.Release|x64.Build.0 = Release|x64
		{6E1B7CB0-570F-4FC4-B6FD-9634DBFD660F}.Release|x86.ActiveCfg = Release|Win32
		{6E1B7CB0-570F-4FC4-B6FD-9634DBFD660F}.Release|x86.Build.0 = Release|Win32
		{EB595657-298B-4DEC-B818-21AC29B15327}.Debug|x64.ActiveCfg = Debug|x64
		{EB595657-298B-4DEC-B818-21AC29B15327}.Debug|x64.Build.0 = Debug|x64
		{EB595657-298B-4DEC-B818-21AC29B15327}.Debug|x86.ActiveCfg = Debug|Win32
		{EB595657-298B-4DEC-B818-21AC29B15327}.Debug|x86.Build.0 = Debug|Win32
		{EB595657-298B-4DEC-B818-21AC29B15327}.Release|x64.ActiveCfg = Release|x64
		{EB595657-298B-4DEC-B818-21AC29B15327}.Release|x64.Build.0 = Release|x64
		{EB595657-298B-4DEC-B818-21AC29B15327}.Release|x86.ActiveCfg = Release|Win32
		{EB595657-298B-4DEC-B818-21AC29B15327}.Release|x86.Build.0 = Release|Win32
		{D67550AE-4DDD-4756-AF17-B7FF300B8757}.Debug|x64.ActiveCfg = Debug|x64
		{D67550AE-4DDD-4756-AF17-B7FF300B8757}.Debug|x64.Build.0 = Debug|x64
		{D67550AE-4DDD-4756-AF17-B7FF300B8757}.Debug|x86.ActiveCfg = Debug|Win32
		{D67550AE-4DDD-4756-AF17-B7FF300B8757}.Debug|x86.Build.0 = Debug|Win32
		{D67550AE-4DDD-4756-AF17-B7FF300B8757}.Release|x64.ActiveCfg = Release|x64
		{D67550AE-4DDD-4756-AF17-B7FF300B8757}.Release|x64.Build.0 = Release|x64
		{D67550AE-4DDD-4756-AF17-B7FF300B8757}.Release|x86.ActiveCfg = Release|Win32
		{D67550AE-4DDD-4756-AF17-B7FF300B8757}.Release|x86.Build.0 = Release|Win32
		{03F2D5F6-75F6-43B4-9C71-D276C2B88E87}.Debug|x64.ActiveCfg = Debug|x64
		{03F2D5F6-75F6-43B4-9C71-D276C2B88E87}.Debug|x64.Build.0 = Debug|x64
		{03F2D5F6-75F6-43B4-9C71-D276C2B88E87}.Debug|x86.ActiveCfg = Debug|Win32
		{03F2D5F6-75F6-43B4-9C71-D276C2B88E87}.Debug|x86.Build.0 = Debug|Win32
		{03F2D5F6-75F6-43B4-9C71-D276C2B88E87}.Release|x64.ActiveCfg = Release|x64
		{03F2D5F6-75F6-43B4-9C71-D276C2B88E87}.Release|x64.Build.0 = Release|x64
		{03F2D5F6-75F6-43B4-9C71-D276C2B88E87}.Release|x86.ActiveCfg = Release|Win32
		{03F2D5F6-75F6-43B4-9C71-D276C2B88E87}.Release|x86.Build.0 = Release|Win32
		{344CE34B-E7E2-4663-A904-44A745DCF4EC}.Debug|x64.ActiveCfg = Debug|x64
		{344CE34B-E7E2-4663-A904-44A745DCF4EC}.Debug|x64.Build.0 = Debug|x64
		{344CE34B-E7E2-4663-A904-44A745DCF4EC}.Debug|x86.ActiveCfg = Debug|Win32
		{344CE34B-E7E2-4663-A904-44A745DCF4EC}.Debug|x86.Build.0 = Debug|Win32
		{344CE34B-E7E2-4663-A904-44A745DCF4EC}.Release|x64.ActiveCfg = Release|x64
		{344CE34B-E7E2-4663-A904-44A745DCF4EC}.Release|x64.Build.0 = Release|x64
		{344CE34B-E7E2-4663-A904-44A745DCF4EC}.Release|x86.ActiveCfg = Release|Win32
		{344CE34B-E7E2-4663-A904-44A745DCF4EC}.Release|x86.Build.0 = Release|Win32
	EndGlobalSection
	GlobalSection(SolutionProperties) = preSolution
		HideSolutionNode = FALSE
	EndGlobalSection
	GlobalSection(ExtensibilityGlobals) = postSolution
		SolutionGuid = {CCF64CB8-6F2E-4580-A19B-27D228A336D1}
	EndGlobalSection
EndGlobal
